
Microsoft Visual Studio Solution File, Format Version 12.00
# Visual Studio Version 16
VisualStudioVersion = 16.0.29201.188
MinimumVisualStudioVersion = 10.0.40219.1
Project("{9A19103F-16F7-4668-BE54-9A1E7A4F7556}") = "NCPT", "NCPT\NCPT\NCPT.csproj", "{C73AB3CB-0C8F-4BCF-8A67-5E8C3ABD7D8F}"
EndProject
Project("{FAE04EC0-301F-11D3-BF4B-00C04F79EFBC}") = "NCPT.Android", "NCPT\NCPT.Android\NCPT.Android.csproj", "{DDBC133A-DD1C-4BB1-9259-E8E07136BDA7}"
EndProject
Project("{FAE04EC0-301F-11D3-BF4B-00C04F79EFBC}") = "NCPT.iOS", "NCPT\NCPT.iOS\NCPT.iOS.csproj", "{0DB24A7B-6501-4F08-A015-CA89772642B8}"
EndProject
Global
	GlobalSection(SolutionConfigurationPlatforms) = preSolution
		Debug|Any CPU = Debug|Any CPU
		Debug|iPhone = Debug|iPhone
		Debug|iPhoneSimulator = Debug|iPhoneSimulator
		Release|Any CPU = Release|Any CPU
		Release|iPhone = Release|iPhone
		Release|iPhoneSimulator = Release|iPhoneSimulator
	EndGlobalSection
	GlobalSection(ProjectConfigurationPlatforms) = postSolution
		{C73AB3CB-0C8F-4BCF-8A67-5E8C3ABD7D8F}.Debug|Any CPU.ActiveCfg = Debug|Any CPU
		{C73AB3CB-0C8F-4BCF-8A67-5E8C3ABD7D8F}.Debug|Any CPU.Build.0 = Debug|Any CPU
		{C73AB3CB-0C8F-4BCF-8A67-5E8C3ABD7D8F}.Debug|iPhone.ActiveCfg = Debug|Any CPU
		{C73AB3CB-0C8F-4BCF-8A67-5E8C3ABD7D8F}.Debug|iPhone.Build.0 = Debug|Any CPU
		{C73AB3CB-0C8F-4BCF-8A67-5E8C3ABD7D8F}.Debug|iPhoneSimulator.ActiveCfg = Debug|Any CPU
		{C73AB3CB-0C8F-4BCF-8A67-5E8C3ABD7D8F}.Debug|iPhoneSimulator.Build.0 = Debug|Any CPU
		{C73AB3CB-0C8F-4BCF-8A67-5E8C3ABD7D8F}.Release|Any CPU.ActiveCfg = Release|Any CPU
		{C73AB3CB-0C8F-4BCF-8A67-5E8C3ABD7D8F}.Release|Any CPU.Build.0 = Release|Any CPU
		{C73AB3CB-0C8F-4BCF-8A67-5E8C3ABD7D8F}.Release|iPhone.ActiveCfg = Release|Any CPU
		{C73AB3CB-0C8F-4BCF-8A67-5E8C3ABD7D8F}.Release|iPhone.Build.0 = Release|Any CPU
		{C73AB3CB-0C8F-4BCF-8A67-5E8C3ABD7D8F}.Release|iPhoneSimulator.ActiveCfg = Release|Any CPU
		{C73AB3CB-0C8F-4BCF-8A67-5E8C3ABD7D8F}.Release|iPhoneSimulator.Build.0 = Release|Any CPU
		{DDBC133A-DD1C-4BB1-9259-E8E07136BDA7}.Debug|Any CPU.ActiveCfg = Debug|Any CPU
		{DDBC133A-DD1C-4BB1-9259-E8E07136BDA7}.Debug|Any CPU.Build.0 = Debug|Any CPU
		{DDBC133A-DD1C-4BB1-9259-E8E07136BDA7}.Debug|Any CPU.Deploy.0 = Debug|Any CPU
		{DDBC133A-DD1C-4BB1-9259-E8E07136BDA7}.Debug|iPhone.ActiveCfg = Debug|Any CPU
		{DDBC133A-DD1C-4BB1-9259-E8E07136BDA7}.Debug|iPhone.Build.0 = Debug|Any CPU
		{DDBC133A-DD1C-4BB1-9259-E8E07136BDA7}.Debug|iPhone.Deploy.0 = Debug|Any CPU
		{DDBC133A-DD1C-4BB1-9259-E8E07136BDA7}.Debug|iPhoneSimulator.ActiveCfg = Debug|Any CPU
		{DDBC133A-DD1C-4BB1-9259-E8E07136BDA7}.Debug|iPhoneSimulator.Build.0 = Debug|Any CPU
		{DDBC133A-DD1C-4BB1-9259-E8E07136BDA7}.Debug|iPhoneSimulator.Deploy.0 = Debug|Any CPU
		{DDBC133A-DD1C-4BB1-9259-E8E07136BDA7}.Release|Any CPU.ActiveCfg = Release|Any CPU
		{DDBC133A-DD1C-4BB1-9259-E8E07136BDA7}.Release|Any CPU.Build.0 = Release|Any CPU
		{DDBC133A-DD1C-4BB1-9259-E8E07136BDA7}.Release|Any CPU.Deploy.0 = Release|Any CPU
		{DDBC133A-DD1C-4BB1-9259-E8E07136BDA7}.Release|iPhone.ActiveCfg = Release|Any CPU
		{DDBC133A-DD1C-4BB1-9259-E8E07136BDA7}.Release|iPhone.Build.0 = Release|Any CPU
		{DDBC133A-DD1C-4BB1-9259-E8E07136BDA7}.Release|iPhone.Deploy.0 = Release|Any CPU
		{DDBC133A-DD1C-4BB1-9259-E8E07136BDA7}.Release|iPhoneSimulator.ActiveCfg = Release|Any CPU
		{DDBC133A-DD1C-4BB1-9259-E8E07136BDA7}.Release|iPhoneSimulator.Build.0 = Release|Any CPU
		{DDBC133A-DD1C-4BB1-9259-E8E07136BDA7}.Release|iPhoneSimulator.Deploy.0 = Release|Any CPU
		{0DB24A7B-6501-4F08-A015-CA89772642B8}.Debug|Any CPU.ActiveCfg = Debug|iPhone
		{0DB24A7B-6501-4F08-A015-CA89772642B8}.Debug|iPhone.ActiveCfg = Debug|iPhone
		{0DB24A7B-6501-4F08-A015-CA89772642B8}.Debug|iPhone.Build.0 = Debug|iPhone
		{0DB24A7B-6501-4F08-A015-CA89772642B8}.Debug|iPhoneSimulator.ActiveCfg = Debug|iPhoneSimulator
		{0DB24A7B-6501-4F08-A015-CA89772642B8}.Debug|iPhoneSimulator.Build.0 = Debug|iPhoneSimulator
		{0DB24A7B-6501-4F08-A015-CA89772642B8}.Release|Any CPU.ActiveCfg = Release|iPhone
		{0DB24A7B-6501-4F08-A015-CA89772642B8}.Release|iPhone.ActiveCfg = Release|iPhone
		{0DB24A7B-6501-4F08-A015-CA89772642B8}.Release|iPhone.Build.0 = Release|iPhone
		{0DB24A7B-6501-4F08-A015-CA89772642B8}.Release|iPhoneSimulator.ActiveCfg = Release|iPhoneSimulator
		{0DB24A7B-6501-4F08-A015-CA89772642B8}.Release|iPhoneSimulator.Build.0 = Release|iPhoneSimulator
	EndGlobalSection
	GlobalSection(SolutionProperties) = preSolution
		HideSolutionNode = FALSE
	EndGlobalSection
	GlobalSection(ExtensibilityGlobals) = postSolution
		SolutionGuid = {B6F204C4-695B-491D-B8A6-784AFBBC237E}
	EndGlobalSection
EndGlobal
